
Microsoft Visual Studio Solution File, Format Version 12.00
# Visual Studio Version 16
VisualStudioVersion = 16.0.31624.102
MinimumVisualStudioVersion = 10.0.40219.1
Project("{FAE04EC0-301F-11D3-BF4B-00C04F79EFBC}") = "Lab10_1", "Lab10_1\Lab10_1.csproj", "{56FF3A4D-16CD-4B05-9C91-D7B1114EE026}"
EndProject
Project("{FAE04EC0-301F-11D3-BF4B-00C04F79EFBC}") = "Lab10_2", "Lab10_2\Lab10_2.csproj", "{CFC78368-9688-4D42-8A2E-02EA4BFED587}"
EndProject
Project("{FAE04EC0-301F-11D3-BF4B-00C04F79EFBC}") = "Lab10_3", "Lab10_3\Lab10_3.csproj", "{83D95D40-31B7-4148-8543-15453486EEB2}"
EndProject
Global
	GlobalSection(SolutionConfigurationPlatforms) = preSolution
		Debug|Any CPU = Debug|Any CPU
		Release|Any CPU = Release|Any CPU
	EndGlobalSection
	GlobalSection(ProjectConfigurationPlatforms) = postSolution
		{56FF3A4D-16CD-4B05-9C91-D7B1114EE026}.Debug|Any CPU.ActiveCfg = Debug|Any CPU
		{56FF3A4D-16CD-4B05-9C91-D7B1114EE026}.Debug|Any CPU.Build.0 = Debug|Any CPU
		{56FF3A4D-16CD-4B05-9C91-D7B1114EE026}.Release|Any CPU.ActiveCfg = Release|Any CPU
		{56FF3A4D-16CD-4B05-9C91-D7B1114EE026}.Release|Any CPU.Build.0 = Release|Any CPU
		{CFC78368-9688-4D42-8A2E-02EA4BFED587}.Debug|Any CPU.ActiveCfg = Debug|Any CPU
		{CFC78368-9688-4D42-8A2E-02EA4BFED587}.Debug|Any CPU.Build.0 = Debug|Any CPU
		{CFC78368-9688-4D42-8A2E-02EA4BFED587}.Release|Any CPU.ActiveCfg = Release|Any CPU
		{CFC78368-9688-4D42-8A2E-02EA4BFED587}.Release|Any CPU.Build.0 = Release|Any CPU
		{83D95D40-31B7-4148-8543-15453486EEB2}.Debug|Any CPU.ActiveCfg = Debug|Any CPU
		{83D95D40-31B7-4148-8543-15453486EEB2}.Debug|Any CPU.Build.0 = Debug|Any CPU
		{83D95D40-31B7-4148-8543-15453486EEB2}.Release|Any CPU.ActiveCfg = Release|Any CPU
		{83D95D40-31B7-4148-8543-15453486EEB2}.Release|Any CPU.Build.0 = Release|Any CPU
	EndGlobalSection
	GlobalSection(SolutionProperties) = preSolution
		HideSolutionNode = FALSE
	EndGlobalSection
	GlobalSection(ExtensibilityGlobals) = postSolution
		SolutionGuid = {F7E5F297-6A10-4ADE-B1CE-B3B188ECE72C}
	EndGlobalSection
EndGlobal
