
Microsoft Visual Studio Solution File, Format Version 12.00
# Visual Studio Version 16
VisualStudioVersion = 16.0.30413.136
MinimumVisualStudioVersion = 10.0.40219.1
Project("{9A19103F-16F7-4668-BE54-9A1E7A4F7556}") = "Lab3", "Lab3\Lab3.csproj", "{7ADA4270-6FB1-443A-ACB8-4209B444EE2C}"
EndProject
Project("{9A19103F-16F7-4668-BE54-9A1E7A4F7556}") = "Lab3_1", "Lab3_1\Lab3_1.csproj", "{4745CB22-A866-4BE6-A0A7-4379A963193F}"
EndProject
Project("{9A19103F-16F7-4668-BE54-9A1E7A4F7556}") = "Lab3_2", "Lab3_2\Lab3_2.csproj", "{9989858A-FE4F-42C9-AA42-B51C17504A1C}"
EndProject
Project("{9A19103F-16F7-4668-BE54-9A1E7A4F7556}") = "Lab3_3", "Lab3_3\Lab3_3.csproj", "{F62B64A2-16DE-44BA-9D1E-B8DF8A911F14}"
EndProject
Project("{FAE04EC0-301F-11D3-BF4B-00C04F79EFBC}") = "Lab3_4", "Lab3_4\Lab3_4.csproj", "{8B928242-DFC2-4D70-98E9-44A60EDF756A}"
EndProject
Global
	GlobalSection(SolutionConfigurationPlatforms) = preSolution
		Debug|Any CPU = Debug|Any CPU
		Release|Any CPU = Release|Any CPU
	EndGlobalSection
	GlobalSection(ProjectConfigurationPlatforms) = postSolution
		{7ADA4270-6FB1-443A-ACB8-4209B444EE2C}.Debug|Any CPU.ActiveCfg = Debug|Any CPU
		{7ADA4270-6FB1-443A-ACB8-4209B444EE2C}.Debug|Any CPU.Build.0 = Debug|Any CPU
		{7ADA4270-6FB1-443A-ACB8-4209B444EE2C}.Release|Any CPU.ActiveCfg = Release|Any CPU
		{7ADA4270-6FB1-443A-ACB8-4209B444EE2C}.Release|Any CPU.Build.0 = Release|Any CPU
		{4745CB22-A866-4BE6-A0A7-4379A963193F}.Debug|Any CPU.ActiveCfg = Debug|Any CPU
		{4745CB22-A866-4BE6-A0A7-4379A963193F}.Debug|Any CPU.Build.0 = Debug|Any CPU
		{4745CB22-A866-4BE6-A0A7-4379A963193F}.Release|Any CPU.ActiveCfg = Release|Any CPU
		{4745CB22-A866-4BE6-A0A7-4379A963193F}.Release|Any CPU.Build.0 = Release|Any CPU
		{9989858A-FE4F-42C9-AA42-B51C17504A1C}.Debug|Any CPU.ActiveCfg = Debug|Any CPU
		{9989858A-FE4F-42C9-AA42-B51C17504A1C}.Debug|Any CPU.Build.0 = Debug|Any CPU
		{9989858A-FE4F-42C9-AA42-B51C17504A1C}.Release|Any CPU.ActiveCfg = Release|Any CPU
		{9989858A-FE4F-42C9-AA42-B51C17504A1C}.Release|Any CPU.Build.0 = Release|Any CPU
		{F62B64A2-16DE-44BA-9D1E-B8DF8A911F14}.Debug|Any CPU.ActiveCfg = Debug|Any CPU
		{F62B64A2-16DE-44BA-9D1E-B8DF8A911F14}.Debug|Any CPU.Build.0 = Debug|Any CPU
		{F62B64A2-16DE-44BA-9D1E-B8DF8A911F14}.Release|Any CPU.ActiveCfg = Release|Any CPU
		{F62B64A2-16DE-44BA-9D1E-B8DF8A911F14}.Release|Any CPU.Build.0 = Release|Any CPU
		{8B928242-DFC2-4D70-98E9-44A60EDF756A}.Debug|Any CPU.ActiveCfg = Debug|Any CPU
		{8B928242-DFC2-4D70-98E9-44A60EDF756A}.Debug|Any CPU.Build.0 = Debug|Any CPU
		{8B928242-DFC2-4D70-98E9-44A60EDF756A}.Release|Any CPU.ActiveCfg = Release|Any CPU
		{8B928242-DFC2-4D70-98E9-44A60EDF756A}.Release|Any CPU.Build.0 = Release|Any CPU
	EndGlobalSection
	GlobalSection(SolutionProperties) = preSolution
		HideSolutionNode = FALSE
	EndGlobalSection
	GlobalSection(ExtensibilityGlobals) = postSolution
		SolutionGuid = {5231F7D3-DCD0-4EBB-AFF9-05E728B64543}
	EndGlobalSection
EndGlobal
