
Microsoft Visual Studio Solution File, Format Version 12.00
# Visual Studio Version 16
VisualStudioVersion = 16.0.31624.102
MinimumVisualStudioVersion = 10.0.40219.1
Project("{FAE04EC0-301F-11D3-BF4B-00C04F79EFBC}") = "lab2", "lab2\lab2.csproj", "{B61B0749-F2C1-4C11-AD99-AC40590641D1}"
EndProject
Global
	GlobalSection(SolutionConfigurationPlatforms) = preSolution
		Debug|Any CPU = Debug|Any CPU
		Release|Any CPU = Release|Any CPU
	EndGlobalSection
	GlobalSection(ProjectConfigurationPlatforms) = postSolution
		{B61B0749-F2C1-4C11-AD99-AC40590641D1}.Debug|Any CPU.ActiveCfg = Debug|Any CPU
		{B61B0749-F2C1-4C11-AD99-AC40590641D1}.Debug|Any CPU.Build.0 = Debug|Any CPU
		{B61B0749-F2C1-4C11-AD99-AC40590641D1}.Release|Any CPU.ActiveCfg = Release|Any CPU
		{B61B0749-F2C1-4C11-AD99-AC40590641D1}.Release|Any CPU.Build.0 = Release|Any CPU
	EndGlobalSection
	GlobalSection(SolutionProperties) = preSolution
		HideSolutionNode = FALSE
	EndGlobalSection
	GlobalSection(ExtensibilityGlobals) = postSolution
		SolutionGuid = {971BD086-ECBE-4DC6-AB3D-CEE8A8619915}
	EndGlobalSection
EndGlobal
